
Microsoft Visual Studio Solution File, Format Version 12.00
# Visual Studio 15
VisualStudioVersion = 15.0.27004.2006
MinimumVisualStudioVersion = 10.0.40219.1
Project("{F184B08F-C81C-45F6-A57F-5ABD9991F28F}") = "ATPI.TWME.GRATH", "ATPI.TWME.GRATH.vbproj", "{7D8D79D2-C181-4CAA-924A-2C68969D9F74}"
EndProject
Project("{FAE04EC0-301F-11D3-BF4B-00C04F79EFBC}") = "ATPI.TWME.SP.Lib", "ATPI.TWME.SP.Lib\ATPI.TWME.SP.Lib.csproj", "{5E27BE19-6ED3-43B8-991A-E1790C9838F9}"
EndProject
Global
	GlobalSection(SolutionConfigurationPlatforms) = preSolution
		Debug|Any CPU = Debug|Any CPU
		Release|Any CPU = Release|Any CPU
	EndGlobalSection
	GlobalSection(ProjectConfigurationPlatforms) = postSolution
		{7D8D79D2-C181-4CAA-924A-2C68969D9F74}.Debug|Any CPU.ActiveCfg = Debug|Any CPU
		{7D8D79D2-C181-4CAA-924A-2C68969D9F74}.Debug|Any CPU.Build.0 = Debug|Any CPU
		{7D8D79D2-C181-4CAA-924A-2C68969D9F74}.Release|Any CPU.ActiveCfg = Release|Any CPU
		{7D8D79D2-C181-4CAA-924A-2C68969D9F74}.Release|Any CPU.Build.0 = Release|Any CPU
		{5E27BE19-6ED3-43B8-991A-E1790C9838F9}.Debug|Any CPU.ActiveCfg = Debug|Any CPU
		{5E27BE19-6ED3-43B8-991A-E1790C9838F9}.Debug|Any CPU.Build.0 = Debug|Any CPU
		{5E27BE19-6ED3-43B8-991A-E1790C9838F9}.Release|Any CPU.ActiveCfg = Release|Any CPU
		{5E27BE19-6ED3-43B8-991A-E1790C9838F9}.Release|Any CPU.Build.0 = Release|Any CPU
	EndGlobalSection
	GlobalSection(SolutionProperties) = preSolution
		HideSolutionNode = FALSE
	EndGlobalSection
	GlobalSection(ExtensibilityGlobals) = postSolution
		SolutionGuid = {3CAD7D5A-F54A-4A65-BDA6-5845284C27F9}
	EndGlobalSection
EndGlobal
